
Microsoft Visual Studio Solution File, Format Version 12.00
# Visual Studio Version 17
VisualStudioVersion = 17.5.33502.453
MinimumVisualStudioVersion = 15.0.26124.0
Project("{9A19103F-16F7-4668-BE54-9A1E7A4F7556}") = "Data", "Data\Data.csproj", "{BF8B2162-101C-4BA0-9FC5-3F4BB26FFCAD}"
EndProject
Project("{9A19103F-16F7-4668-BE54-9A1E7A4F7556}") = "Migrator", "Migrator\Migrator.csproj", "{0CA99E31-C5BB-4A73-9779-3E90400050E9}"
EndProject
Project("{2150E333-8FDC-42A3-9474-1A3956D46DE8}") = "Solution Items", "Solution Items", "{B3C02851-EEAF-4169-BA63-364DB1DFECF5}"
	ProjectSection(SolutionItems) = preProject
		README.md = README.md
	EndProjectSection
EndProject
Global
	GlobalSection(SolutionConfigurationPlatforms) = preSolution
		Debug|Any CPU = Debug|Any CPU
		Debug|x64 = Debug|x64
		Debug|x86 = Debug|x86
		Release|Any CPU = Release|Any CPU
		Release|x64 = Release|x64
		Release|x86 = Release|x86
	EndGlobalSection
	GlobalSection(ProjectConfigurationPlatforms) = postSolution
		{BF8B2162-101C-4BA0-9FC5-3F4BB26FFCAD}.Debug|Any CPU.ActiveCfg = Debug|Any CPU
		{BF8B2162-101C-4BA0-9FC5-3F4BB26FFCAD}.Debug|Any CPU.Build.0 = Debug|Any CPU
		{BF8B2162-101C-4BA0-9FC5-3F4BB26FFCAD}.Debug|x64.ActiveCfg = Debug|Any CPU
		{BF8B2162-101C-4BA0-9FC5-3F4BB26FFCAD}.Debug|x64.Build.0 = Debug|Any CPU
		{BF8B2162-101C-4BA0-9FC5-3F4BB26FFCAD}.Debug|x86.ActiveCfg = Debug|Any CPU
		{BF8B2162-101C-4BA0-9FC5-3F4BB26FFCAD}.Debug|x86.Build.0 = Debug|Any CPU
		{BF8B2162-101C-4BA0-9FC5-3F4BB26FFCAD}.Release|Any CPU.ActiveCfg = Release|Any CPU
		{BF8B2162-101C-4BA0-9FC5-3F4BB26FFCAD}.Release|Any CPU.Build.0 = Release|Any CPU
		{BF8B2162-101C-4BA0-9FC5-3F4BB26FFCAD}.Release|x64.ActiveCfg = Release|Any CPU
		{BF8B2162-101C-4BA0-9FC5-3F4BB26FFCAD}.Release|x64.Build.0 = Release|Any CPU
		{BF8B2162-101C-4BA0-9FC5-3F4BB26FFCAD}.Release|x86.ActiveCfg = Release|Any CPU
		{BF8B2162-101C-4BA0-9FC5-3F4BB26FFCAD}.Release|x86.Build.0 = Release|Any CPU
		{0CA99E31-C5BB-4A73-9779-3E90400050E9}.Debug|Any CPU.ActiveCfg = Debug|Any CPU
		{0CA99E31-C5BB-4A73-9779-3E90400050E9}.Debug|Any CPU.Build.0 = Debug|Any CPU
		{0CA99E31-C5BB-4A73-9779-3E90400050E9}.Debug|x64.ActiveCfg = Debug|Any CPU
		{0CA99E31-C5BB-4A73-9779-3E90400050E9}.Debug|x64.Build.0 = Debug|Any CPU
		{0CA99E31-C5BB-4A73-9779-3E90400050E9}.Debug|x86.ActiveCfg = Debug|Any CPU
		{0CA99E31-C5BB-4A73-9779-3E90400050E9}.Debug|x86.Build.0 = Debug|Any CPU
		{0CA99E31-C5BB-4A73-9779-3E90400050E9}.Release|Any CPU.ActiveCfg = Release|Any CPU
		{0CA99E31-C5BB-4A73-9779-3E90400050E9}.Release|Any CPU.Build.0 = Release|Any CPU
		{0CA99E31-C5BB-4A73-9779-3E90400050E9}.Release|x64.ActiveCfg = Release|Any CPU
		{0CA99E31-C5BB-4A73-9779-3E90400050E9}.Release|x64.Build.0 = Release|Any CPU
		{0CA99E31-C5BB-4A73-9779-3E90400050E9}.Release|x86.ActiveCfg = Release|Any CPU
		{0CA99E31-C5BB-4A73-9779-3E90400050E9}.Release|x86.Build.0 = Release|Any CPU
	EndGlobalSection
	GlobalSection(SolutionProperties) = preSolution
		HideSolutionNode = FALSE
	EndGlobalSection
	GlobalSection(ExtensibilityGlobals) = postSolution
		SolutionGuid = {DD5096CC-9B38-4DC0-B7DA-41F5B315B3B7}
	EndGlobalSection
EndGlobal
